{
  "name": "scrum-poker",
  "version": "1.0.0",
  "lockfileVersion": 3,
  "requires": true,
  "packages": {
    "": {
      "name": "scrum-poker",
      "version": "1.0.0",
      "dependencies": {
        "@upstash/redis": "^1.34.7",
        "nanoid": "^5.1.5"
      }
    },
    "node_modules/@upstash/redis": {
      "version": "1.34.7",
      "resolved": "https://registry.npmjs.org/@upstash/redis/-/redis-1.34.7.tgz",
      "integrity": "sha512-EJ/g+ttDL3MFS8WNDLj/Buybo3FpPw2IAFl4X8lxh8/l7YTq6kTqT6FKkq8eYRdN6lGlVw+W6qnmym734m39Tg==",
      "license": "MIT",
      "dependencies": {
        "crypto-js": "^4.2.0"
      }
    },
    "node_modules/crypto-js": {
      "version": "4.2.0",
      "resolved": "https://registry.npmjs.org/crypto-js/-/crypto-js-4.2.0.tgz",
      "integrity": "sha512-KALDyEYgpY+Rlob/iriUtjV6d5Eq+Y191A5g4UqLAi8CyGP9N1+FdVbkc1SxKc2r4YAYqG8JzO2KGL+AizD70Q==",
      "license": "MIT"
    },
    "node_modules/nanoid": {
      "version": "5.1.5",
      "resolved": "https://registry.npmjs.org/nanoid/-/nanoid-5.1.5.tgz",
      "integrity": "sha512-Ir/+ZpE9fDsNH0hQ3C68uyThDXzYcim2EqcZ8zn8Chtt1iylPT9xXJB0kPCnqzgcEGikO9RxSrh63MsmVCU7Fw==",
      "funding": [
        {
          "type": "github",
          "url": "https://github.com/sponsors/ai"
        }
      ],
      "license": "MIT",
      "bin": {
        "nanoid": "bin/nanoid.js"
      },
      "engines": {
        "node": "^18 || >=20"
      }
    }
  }
}
